
Microsoft Visual Studio Solution File, Format Version 12.00
# Visual Studio Version 16
VisualStudioVersion = 16.0.31911.196
MinimumVisualStudioVersion = 10.0.40219.1
Project("{FAE04EC0-301F-11D3-BF4B-00C04F79EFBC}") = "REN_VICTOR_TP3_ST2TRD", "REN_VICTOR_TP3_ST2TRD\REN_VICTOR_TP3_ST2TRD.csproj", "{707B5ABD-EED0-433D-920E-58AD1B805D8A}"
EndProject
Global
	GlobalSection(SolutionConfigurationPlatforms) = preSolution
		Debug|Any CPU = Debug|Any CPU
		Release|Any CPU = Release|Any CPU
	EndGlobalSection
	GlobalSection(ProjectConfigurationPlatforms) = postSolution
		{707B5ABD-EED0-433D-920E-58AD1B805D8A}.Debug|Any CPU.ActiveCfg = Debug|Any CPU
		{707B5ABD-EED0-433D-920E-58AD1B805D8A}.Debug|Any CPU.Build.0 = Debug|Any CPU
		{707B5ABD-EED0-433D-920E-58AD1B805D8A}.Release|Any CPU.ActiveCfg = Release|Any CPU
		{707B5ABD-EED0-433D-920E-58AD1B805D8A}.Release|Any CPU.Build.0 = Release|Any CPU
	EndGlobalSection
	GlobalSection(SolutionProperties) = preSolution
		HideSolutionNode = FALSE
	EndGlobalSection
	GlobalSection(ExtensibilityGlobals) = postSolution
		SolutionGuid = {50074B17-5121-4475-88D5-16804706E968}
	EndGlobalSection
EndGlobal
